
Microsoft Visual Studio Solution File, Format Version 12.00
# Visual Studio Version 16
VisualStudioVersion = 16.0.29905.134
MinimumVisualStudioVersion = 10.0.40219.1
Project("{FAE04EC0-301F-11D3-BF4B-00C04F79EFBC}") = "Equity Toolbox", "Equity Toolbox.csproj", "{1DC5DB35-AA8C-4E39-9112-3AE563C32BF7}"
EndProject
Global
	GlobalSection(SolutionConfigurationPlatforms) = preSolution
		Debug|Any CPU = Debug|Any CPU
		Release|Any CPU = Release|Any CPU
	EndGlobalSection
	GlobalSection(ProjectConfigurationPlatforms) = postSolution
		{1DC5DB35-AA8C-4E39-9112-3AE563C32BF7}.Debug|Any CPU.ActiveCfg = Debug|Any CPU
		{1DC5DB35-AA8C-4E39-9112-3AE563C32BF7}.Debug|Any CPU.Build.0 = Debug|Any CPU
		{1DC5DB35-AA8C-4E39-9112-3AE563C32BF7}.Release|Any CPU.ActiveCfg = Release|Any CPU
		{1DC5DB35-AA8C-4E39-9112-3AE563C32BF7}.Release|Any CPU.Build.0 = Release|Any CPU
	EndGlobalSection
	GlobalSection(SolutionProperties) = preSolution
		HideSolutionNode = FALSE
	EndGlobalSection
	GlobalSection(ExtensibilityGlobals) = postSolution
		SolutionGuid = {AC73A318-22B1-40A7-8559-B931CD710328}
	EndGlobalSection
EndGlobal
